codeberg.org/tslocum/bei v0.0.0-20250401032128-99c6d4509aa6 h1:STq1vOZrfjgyC10tJ18doR5eCpkZTD57+kIEONANYl8=
codeberg.org/tslocum/bei v0.0.0-20250401032128-99c6d4509aa6/go.mod h1:kbIJaAFiTrKZzYefo0+O0QTENgDLxBcepN9PCFn9nxI=
golang.org/x/text v0.30.0 h1:yznKA/E9zq54KzlzBEAWn1NXSQ8DIp/NYMy88xJjl4k=
golang.org/x/text v0.30.0/go.mod h1:yDdHFIX9t+tORqspjENWgzaCVXgk0yYnYuSZ8UzzBVM=
